
PODS:
- AFNetworking (1.0RC1)
- Facebook-iOS-SDK (1.2):
  - SBJson (= 2.2.3)
- JSONKit (1.5pre)
- Nimbus (0.9.3):
  - Nimbus/AttributedLabel (= 0.9.3)
  - Nimbus/CSS (= 0.9.3)
  - Nimbus/Core (= 0.9.3)
  - Nimbus/Interapp (= 0.9.3)
  - Nimbus/Launcher (= 0.9.3)
  - Nimbus/Models (= 0.9.3)
  - Nimbus/NetworkControllers (= 0.9.3)
  - Nimbus/NetworkImage (= 0.9.3)
  - Nimbus/Operations (= 0.9.3)
  - Nimbus/Overview (= 0.9.3)
  - Nimbus/PagingScrollView (= 0.9.3)
  - Nimbus/Photos (= 0.9.3)
  - Nimbus/WebController (= 0.9.3)
- Nimbus/AttributedLabel (0.9.3):
  - Nimbus/Core
- Nimbus/CSS (0.9.3):
  - Nimbus/Core
- Nimbus/Core (0.9.3)
- Nimbus/Interapp (0.9.3):
  - Nimbus/Core
- Nimbus/Launcher (0.9.3):
  - Nimbus/Core
- Nimbus/Models (0.9.3):
  - Nimbus/Core
- Nimbus/NetworkControllers (0.9.3):
  - Nimbus/Core
- Nimbus/NetworkImage (0.9.3):
  - Nimbus/Core
- Nimbus/Operations (0.9.3):
  - Nimbus/Core
  - Nimbus/Operations/JSON (= 0.9.3)
- Nimbus/Operations/JSON (0.9.3):
  - JSONKit
  - Nimbus/Core
- Nimbus/Overview (0.9.3):
  - Nimbus/Core
- Nimbus/PagingScrollView (0.9.3):
  - Nimbus/Core
- Nimbus/Photos (0.9.3):
  - Nimbus/Core
  - Nimbus/PagingScrollView
- Nimbus/WebController (0.9.3):
  - Nimbus/Core
- SBJson (2.2.3)
- SDURLCache (1.2)
- SSPullToRefresh (1.0.1)

DEPENDENCIES:
- AFNetworking
- Facebook-iOS-SDK
- JSONKit
- Nimbus
- SDURLCache
- SSPullToRefresh

SPEC CHECKSUMS:
  AFNetworking: b21c1252d437fd322e7db1caa93b163d76a362cb
  Facebook-iOS-SDK: 10fb464fef5b9d9d7fa274da4b7ba1b93b0768ae
  JSONKit: 3d4708953ea7ae399a49777372d8b060a43ddd27
  Nimbus: 6a35688977607cda01be9027699a9e64bd08fb99
  Nimbus/AttributedLabel: 6a35688977607cda01be9027699a9e64bd08fb99
  Nimbus/CSS: 6a35688977607cda01be9027699a9e64bd08fb99
  Nimbus/Core: 6a35688977607cda01be9027699a9e64bd08fb99
  Nimbus/Interapp: 6a35688977607cda01be9027699a9e64bd08fb99
  Nimbus/Launcher: 6a35688977607cda01be9027699a9e64bd08fb99
  Nimbus/Models: 6a35688977607cda01be9027699a9e64bd08fb99
  Nimbus/NetworkControllers: 6a35688977607cda01be9027699a9e64bd08fb99
  Nimbus/NetworkImage: 6a35688977607cda01be9027699a9e64bd08fb99
  Nimbus/Operations: 6a35688977607cda01be9027699a9e64bd08fb99
  Nimbus/Operations/JSON: 6a35688977607cda01be9027699a9e64bd08fb99
  Nimbus/Overview: 6a35688977607cda01be9027699a9e64bd08fb99
  Nimbus/PagingScrollView: 6a35688977607cda01be9027699a9e64bd08fb99
  Nimbus/Photos: 6a35688977607cda01be9027699a9e64bd08fb99
  Nimbus/WebController: 6a35688977607cda01be9027699a9e64bd08fb99
  SBJson: cc373c9eed9314a45715e4fb77a1415c45fa056e
  SDURLCache: 2208f93474756c694eed002fa7e3ab62ff3c6468
  SSPullToRefresh: 79a7981b5a08316749d8fae0b5c813fbc2fac7dd

COCOAPODS: 0.16.2
