PODS:
  - AFNetworking (1.0RC1)
  - Facebook-iOS-SDK (1.2):
    - SBJson (= 2.2.3)
  - JSONKit (1.5pre)
  - Nimbus (0.9.3):
    - Nimbus/AttributedLabel
    - Nimbus/Core
    - Nimbus/CSS
    - Nimbus/Interapp
    - Nimbus/Launcher
    - Nimbus/Models
    - Nimbus/NetworkControllers
    - Nimbus/NetworkImage
    - Nimbus/Operations
    - Nimbus/Overview
    - Nimbus/PagingScrollView
    - Nimbus/Photos
    - Nimbus/WebController
  - Nimbus/AttributedLabel (0.9.3):
    - Nimbus/Core
  - Nimbus/Core (0.9.3)
  - Nimbus/CSS (0.9.3):
    - Nimbus/Core
  - Nimbus/Interapp (0.9.3):
    - Nimbus/Core
  - Nimbus/Launcher (0.9.3):
    - Nimbus/Core
  - Nimbus/Models (0.9.3):
    - Nimbus/Core
  - Nimbus/NetworkControllers (0.9.3):
    - Nimbus/Core
  - Nimbus/NetworkImage (0.9.3):
    - Nimbus/Core
  - Nimbus/Operations (0.9.3):
    - Nimbus/Core
    - Nimbus/Operations/JSON
  - Nimbus/Operations/JSON (0.9.3):
    - JSONKit
    - Nimbus/Core
  - Nimbus/Overview (0.9.3):
    - Nimbus/Core
  - Nimbus/PagingScrollView (0.9.3):
    - Nimbus/Core
  - Nimbus/Photos (0.9.3):
    - Nimbus/Core
    - Nimbus/PagingScrollView
  - Nimbus/WebController (0.9.3):
    - Nimbus/Core
  - SBJson (2.2.3)
  - SDURLCache (1.2)
  - SSPullToRefresh (1.0.1)

DEPENDENCIES:
  - AFNetworking
  - Facebook-iOS-SDK
  - JSONKit
  - Nimbus
  - SDURLCache
  - SSPullToRefresh

SPEC CHECKSUMS:
  AFNetworking: b21c1252d437fd322e7db1caa93b163d76a362cb
  Facebook-iOS-SDK: 10fb464fef5b9d9d7fa274da4b7ba1b93b0768ae
  JSONKit: 409734ab3407fce90ef7eaa95d7168f38d9a6601
  Nimbus: 6a35688977607cda01be9027699a9e64bd08fb99
  SBJson: cc373c9eed9314a45715e4fb77a1415c45fa056e
  SDURLCache: cf4dcdd0d01473c334e9338e82a8733de156ef15
  SSPullToRefresh: 79a7981b5a08316749d8fae0b5c813fbc2fac7dd

COCOAPODS: 0.17.0
